
Microsoft Visual Studio Solution File, Format Version 12.00
# Visual Studio 15
Project("{FAE04EC0-301F-11D3-BF4B-00C04F79EFBC}") = "Assembly-CSharp", "Assembly-CSharp.csproj", "{12F6418A-0919-9D1C-E13A-ADAA4A0B523C}"
EndProject
Project("{FAE04EC0-301F-11D3-BF4B-00C04F79EFBC}") = "Assembly-CSharp-firstpass", "Assembly-CSharp-firstpass.csproj", "{730C899A-8538-D5B7-B8CF-4B632A1B9511}"
EndProject
Project("{FAE04EC0-301F-11D3-BF4B-00C04F79EFBC}") = "Assembly-CSharp-Editor", "Assembly-CSharp-Editor.csproj", "{6ED2B09F-E735-970E-0FA1-9C7BFC1B6513}"
EndProject
Global
	GlobalSection(SolutionConfigurationPlatforms) = preSolution
		Debug|Any CPU = Debug|Any CPU
		Release|Any CPU = Release|Any CPU
	EndGlobalSection
	GlobalSection(ProjectConfigurationPlatforms) = postSolution
		{12F6418A-0919-9D1C-E13A-ADAA4A0B523C}.Debug|Any CPU.ActiveCfg = Debug|Any CPU
		{12F6418A-0919-9D1C-E13A-ADAA4A0B523C}.Debug|Any CPU.Build.0 = Debug|Any CPU
		{12F6418A-0919-9D1C-E13A-ADAA4A0B523C}.Release|Any CPU.ActiveCfg = Release|Any CPU
		{12F6418A-0919-9D1C-E13A-ADAA4A0B523C}.Release|Any CPU.Build.0 = Release|Any CPU
		{730C899A-8538-D5B7-B8CF-4B632A1B9511}.Debug|Any CPU.ActiveCfg = Debug|Any CPU
		{730C899A-8538-D5B7-B8CF-4B632A1B9511}.Debug|Any CPU.Build.0 = Debug|Any CPU
		{730C899A-8538-D5B7-B8CF-4B632A1B9511}.Release|Any CPU.ActiveCfg = Release|Any CPU
		{730C899A-8538-D5B7-B8CF-4B632A1B9511}.Release|Any CPU.Build.0 = Release|Any CPU
		{6ED2B09F-E735-970E-0FA1-9C7BFC1B6513}.Debug|Any CPU.ActiveCfg = Debug|Any CPU
		{6ED2B09F-E735-970E-0FA1-9C7BFC1B6513}.Debug|Any CPU.Build.0 = Debug|Any CPU
		{6ED2B09F-E735-970E-0FA1-9C7BFC1B6513}.Release|Any CPU.ActiveCfg = Release|Any CPU
		{6ED2B09F-E735-970E-0FA1-9C7BFC1B6513}.Release|Any CPU.Build.0 = Release|Any CPU
	EndGlobalSection
	GlobalSection(SolutionProperties) = preSolution
		HideSolutionNode = FALSE
	EndGlobalSection
EndGlobal
